
Microsoft Visual Studio Solution File, Format Version 12.00
# Visual Studio 14
VisualStudioVersion = 14.0.25420.1
MinimumVisualStudioVersion = 10.0.40219.1
Project("{2150E333-8FDC-42A3-9474-1A3956D46DE8}") = "UI", "UI", "{4521BFFC-7248-4AF4-8E8A-508D4AD49AA6}"
EndProject
Project("{2150E333-8FDC-42A3-9474-1A3956D46DE8}") = "BLL", "BLL", "{9EE3ED49-3371-494E-9C09-D8A30929BFCF}"
EndProject
Project("{2150E333-8FDC-42A3-9474-1A3956D46DE8}") = "DAL", "DAL", "{52216030-C8C0-4922-9AC2-B0966C43D3FE}"
EndProject
Project("{2150E333-8FDC-42A3-9474-1A3956D46DE8}") = "Model", "Model", "{DC5F5F7D-72BC-41DE-BDA8-88A4B0807B83}"
EndProject
Project("{2150E333-8FDC-42A3-9474-1A3956D46DE8}") = "Common", "Common", "{9C854EE0-76D4-4995-91F8-233F2B1319A2}"
EndProject
Project("{FAE04EC0-301F-11D3-BF4B-00C04F79EFBC}") = "Company.BLL", "Company.BLL\Company.BLL.csproj", "{E319EF7B-B774-4FBE-97B9-3744BA3B2810}"
EndProject
Project("{FAE04EC0-301F-11D3-BF4B-00C04F79EFBC}") = "Company.IBLL", "Company.IBLL\Company.IBLL.csproj", "{9FE4954A-B2E2-4AA1-AFC5-25EAE0C34343}"
EndProject
Project("{FAE04EC0-301F-11D3-BF4B-00C04F79EFBC}") = "Company.BLLContainer", "Company.BLLContainer\Company.BLLContainer.csproj", "{937DBEB4-C039-4FCB-82A5-56EF98BDF9F0}"
EndProject
Project("{FAE04EC0-301F-11D3-BF4B-00C04F79EFBC}") = "Company.DAL", "Company.DAL\Company.DAL.csproj", "{E04F19C9-0BAE-4042-9176-D55E78037166}"
EndProject
Project("{FAE04EC0-301F-11D3-BF4B-00C04F79EFBC}") = "Company.DALContainer", "Company.DALContainer\Company.DALContainer.csproj", "{D7AC5309-D062-4012-82BE-98E112DE10D7}"
EndProject
Project("{FAE04EC0-301F-11D3-BF4B-00C04F79EFBC}") = "Company.IDAL", "Company.IDAL\Company.IDAL.csproj", "{B2B748D2-0CE1-45FD-BE36-75572A6E2FBE}"
EndProject
Project("{FAE04EC0-301F-11D3-BF4B-00C04F79EFBC}") = "Company.Model", "Company.Model\Company.Model.csproj", "{580C8081-8DE4-4158-AFA9-785C9DB55BED}"
EndProject
Project("{FAE04EC0-301F-11D3-BF4B-00C04F79EFBC}") = "Company.UI", "Company.UI\Company.UI.csproj", "{8F850199-4516-4506-8DD7-0C4164E77BC6}"
EndProject
Global
	GlobalSection(SolutionConfigurationPlatforms) = preSolution
		Debug|Any CPU = Debug|Any CPU
		Release|Any CPU = Release|Any CPU
	EndGlobalSection
	GlobalSection(ProjectConfigurationPlatforms) = postSolution
		{E319EF7B-B774-4FBE-97B9-3744BA3B2810}.Debug|Any CPU.ActiveCfg = Debug|Any CPU
		{E319EF7B-B774-4FBE-97B9-3744BA3B2810}.Debug|Any CPU.Build.0 = Debug|Any CPU
		{E319EF7B-B774-4FBE-97B9-3744BA3B2810}.Release|Any CPU.ActiveCfg = Release|Any CPU
		{E319EF7B-B774-4FBE-97B9-3744BA3B2810}.Release|Any CPU.Build.0 = Release|Any CPU
		{9FE4954A-B2E2-4AA1-AFC5-25EAE0C34343}.Debug|Any CPU.ActiveCfg = Debug|Any CPU
		{9FE4954A-B2E2-4AA1-AFC5-25EAE0C34343}.Debug|Any CPU.Build.0 = Debug|Any CPU
		{9FE4954A-B2E2-4AA1-AFC5-25EAE0C34343}.Release|Any CPU.ActiveCfg = Release|Any CPU
		{9FE4954A-B2E2-4AA1-AFC5-25EAE0C34343}.Release|Any CPU.Build.0 = Release|Any CPU
		{937DBEB4-C039-4FCB-82A5-56EF98BDF9F0}.Debug|Any CPU.ActiveCfg = Debug|Any CPU
		{937DBEB4-C039-4FCB-82A5-56EF98BDF9F0}.Debug|Any CPU.Build.0 = Debug|Any CPU
		{937DBEB4-C039-4FCB-82A5-56EF98BDF9F0}.Release|Any CPU.ActiveCfg = Release|Any CPU
		{937DBEB4-C039-4FCB-82A5-56EF98BDF9F0}.Release|Any CPU.Build.0 = Release|Any CPU
		{E04F19C9-0BAE-4042-9176-D55E78037166}.Debug|Any CPU.ActiveCfg = Debug|Any CPU
		{E04F19C9-0BAE-4042-9176-D55E78037166}.Debug|Any CPU.Build.0 = Debug|Any CPU
		{E04F19C9-0BAE-4042-9176-D55E78037166}.Release|Any CPU.ActiveCfg = Release|Any CPU
		{E04F19C9-0BAE-4042-9176-D55E78037166}.Release|Any CPU.Build.0 = Release|Any CPU
		{D7AC5309-D062-4012-82BE-98E112DE10D7}.Debug|Any CPU.ActiveCfg = Debug|Any CPU
		{D7AC5309-D062-4012-82BE-98E112DE10D7}.Debug|Any CPU.Build.0 = Debug|Any CPU
		{D7AC5309-D062-4012-82BE-98E112DE10D7}.Release|Any CPU.ActiveCfg = Release|Any CPU
		{D7AC5309-D062-4012-82BE-98E112DE10D7}.Release|Any CPU.Build.0 = Release|Any CPU
		{B2B748D2-0CE1-45FD-BE36-75572A6E2FBE}.Debug|Any CPU.ActiveCfg = Debug|Any CPU
		{B2B748D2-0CE1-45FD-BE36-75572A6E2FBE}.Debug|Any CPU.Build.0 = Debug|Any CPU
		{B2B748D2-0CE1-45FD-BE36-75572A6E2FBE}.Release|Any CPU.ActiveCfg = Release|Any CPU
		{B2B748D2-0CE1-45FD-BE36-75572A6E2FBE}.Release|Any CPU.Build.0 = Release|Any CPU
		{580C8081-8DE4-4158-AFA9-785C9DB55BED}.Debug|Any CPU.ActiveCfg = Debug|Any CPU
		{580C8081-8DE4-4158-AFA9-785C9DB55BED}.Debug|Any CPU.Build.0 = Debug|Any CPU
		{580C8081-8DE4-4158-AFA9-785C9DB55BED}.Release|Any CPU.ActiveCfg = Release|Any CPU
		{580C8081-8DE4-4158-AFA9-785C9DB55BED}.Release|Any CPU.Build.0 = Release|Any CPU
		{8F850199-4516-4506-8DD7-0C4164E77BC6}.Debug|Any CPU.ActiveCfg = Debug|Any CPU
		{8F850199-4516-4506-8DD7-0C4164E77BC6}.Debug|Any CPU.Build.0 = Debug|Any CPU
		{8F850199-4516-4506-8DD7-0C4164E77BC6}.Release|Any CPU.ActiveCfg = Release|Any CPU
		{8F850199-4516-4506-8DD7-0C4164E77BC6}.Release|Any CPU.Build.0 = Release|Any CPU
	EndGlobalSection
	GlobalSection(SolutionProperties) = preSolution
		HideSolutionNode = FALSE
	EndGlobalSection
	GlobalSection(NestedProjects) = preSolution
		{E319EF7B-B774-4FBE-97B9-3744BA3B2810} = {9EE3ED49-3371-494E-9C09-D8A30929BFCF}
		{9FE4954A-B2E2-4AA1-AFC5-25EAE0C34343} = {9EE3ED49-3371-494E-9C09-D8A30929BFCF}
		{937DBEB4-C039-4FCB-82A5-56EF98BDF9F0} = {9EE3ED49-3371-494E-9C09-D8A30929BFCF}
		{E04F19C9-0BAE-4042-9176-D55E78037166} = {52216030-C8C0-4922-9AC2-B0966C43D3FE}
		{D7AC5309-D062-4012-82BE-98E112DE10D7} = {52216030-C8C0-4922-9AC2-B0966C43D3FE}
		{B2B748D2-0CE1-45FD-BE36-75572A6E2FBE} = {52216030-C8C0-4922-9AC2-B0966C43D3FE}
		{580C8081-8DE4-4158-AFA9-785C9DB55BED} = {DC5F5F7D-72BC-41DE-BDA8-88A4B0807B83}
		{8F850199-4516-4506-8DD7-0C4164E77BC6} = {4521BFFC-7248-4AF4-8E8A-508D4AD49AA6}
	EndGlobalSection
EndGlobal
